
Microsoft Visual Studio Solution File, Format Version 12.00
# Visual Studio 15
VisualStudioVersion = 15.0.28307.1145
MinimumVisualStudioVersion = 10.0.40219.1
Project("{FAE04EC0-301F-11D3-BF4B-00C04F79EFBC}") = "图书管理系统", "图书管理系统\图书管理系统.csproj", "{FCA813C1-851E-4A6B-A26E-3F27DFD8A524}"
EndProject
Global
	GlobalSection(SolutionConfigurationPlatforms) = preSolution
		Debug|Any CPU = Debug|Any CPU
		Release|Any CPU = Release|Any CPU
	EndGlobalSection
	GlobalSection(ProjectConfigurationPlatforms) = postSolution
		{FCA813C1-851E-4A6B-A26E-3F27DFD8A524}.Debug|Any CPU.ActiveCfg = Debug|Any CPU
		{FCA813C1-851E-4A6B-A26E-3F27DFD8A524}.Debug|Any CPU.Build.0 = Debug|Any CPU
		{FCA813C1-851E-4A6B-A26E-3F27DFD8A524}.Release|Any CPU.ActiveCfg = Release|Any CPU
		{FCA813C1-851E-4A6B-A26E-3F27DFD8A524}.Release|Any CPU.Build.0 = Release|Any CPU
	EndGlobalSection
	GlobalSection(SolutionProperties) = preSolution
		HideSolutionNode = FALSE
	EndGlobalSection
	GlobalSection(ExtensibilityGlobals) = postSolution
		SolutionGuid = {DE3C1E13-CB84-437F-8758-95CF7983A500}
	EndGlobalSection
EndGlobal
